
Microsoft Visual Studio Solution File, Format Version 12.00
# Visual Studio Version 17
VisualStudioVersion = 17.14.37203.1 d17.14
MinimumVisualStudioVersion = 10.0.40219.1
Project("{FAE04EC0-301F-11D3-BF4B-00C04F79EFBC}") = "PhongTroAPI", "PhongTroAPI\PhongTroAPI.csproj", "{2CDF106A-AE23-4156-807D-1B3088C6D28F}"
EndProject
Global
	GlobalSection(SolutionConfigurationPlatforms) = preSolution
		Debug|Any CPU = Debug|Any CPU
		Release|Any CPU = Release|Any CPU
	EndGlobalSection
	GlobalSection(ProjectConfigurationPlatforms) = postSolution
		{2CDF106A-AE23-4156-807D-1B3088C6D28F}.Debug|Any CPU.ActiveCfg = Debug|Any CPU
		{2CDF106A-AE23-4156-807D-1B3088C6D28F}.Debug|Any CPU.Build.0 = Debug|Any CPU
		{2CDF106A-AE23-4156-807D-1B3088C6D28F}.Release|Any CPU.ActiveCfg = Release|Any CPU
		{2CDF106A-AE23-4156-807D-1B3088C6D28F}.Release|Any CPU.Build.0 = Release|Any CPU
	EndGlobalSection
	GlobalSection(SolutionProperties) = preSolution
		HideSolutionNode = FALSE
	EndGlobalSection
	GlobalSection(ExtensibilityGlobals) = postSolution
		SolutionGuid = {ADF81852-1F84-4FC6-B108-BACA5BDF0D3D}
	EndGlobalSection
EndGlobal
